# THIS IS AN AUTOGENERATED FILE. DO NOT EDIT THIS FILE DIRECTLY.
# yarn lockfile v1


"@types/jquery@^3.3.32":
  version "3.3.36"
  resolved "https://registry.npm.taobao.org/@types/jquery/download/@types/jquery-3.3.36.tgz?cache=0&other_urls=https%3A%2F%2Fregistry.npm.taobao.org%2F%40types%2Fjquery%2Fdownload%2F%40types%2Fjquery-3.3.36.tgz#a868c1c244a9f7b988d8fc56a3234f22e73c57b8"
  integrity sha1-qGjBwkSp97mI2PxWoyNPIuc8V7g=
  dependencies:
    "@types/sizzle" "*"

"@types/sizzle@*":
  version "2.3.2"
  resolved "https://registry.npm.taobao.org/@types/sizzle/download/@types/sizzle-2.3.2.tgz?cache=0&sync_timestamp=1588201710389&other_urls=https%3A%2F%2Fregistry.npm.taobao.org%2F%40types%2Fsizzle%2Fdownload%2F%40types%2Fsizzle-2.3.2.tgz#a811b8c18e2babab7d542b3365887ae2e4d9de47"
  integrity sha1-qBG4wY4rq6t9VCszZYh64uTZ3kc=

typescript@^3.7.5:
  version "3.8.3"
  resolved "https://registry.npm.taobao.org/typescript/download/typescript-3.8.3.tgz#409eb8544ea0335711205869ec458ab109ee1061"
  integrity sha1-QJ64VE6gM1cRIFhp7EWKsQnuEGE=

